# Generated by pub
# See https://dart.dev/tools/pub/glossary#lockfile
packages:
  _flutterfire_internals:
    dependency: transitive
    description:
      name: _flutterfire_internals
      sha256: e4be6711f96d3d4eebe79728897d645b7a5585bbfdd6d534878d202c171266d7
      url: "https://pub.dev"
    source: hosted
    version: "1.3.34"
  ansicolor:
    dependency: transitive
    description:
      name: ansicolor
      sha256: "8bf17a8ff6ea17499e40a2d2542c2f481cd7615760c6d34065cb22bfd22e6880"
      url: "https://pub.dev"
    source: hosted
    version: "2.0.2"
  archive:
    dependency: transitive
    description:
      name: archive
      sha256: "6bd38d335f0954f5fad9c79e614604fbf03a0e5b975923dd001b6ea965ef5b4b"
      url: "https://pub.dev"
    source: hosted
    version: "3.6.0"
  args:
    dependency: transitive
    description:
      name: args
      sha256: "7cf60b9f0cc88203c5a190b4cd62a99feea42759a7fa695010eb5de1c0b2252a"
      url: "https://pub.dev"
    source: hosted
    version: "2.5.0"
  async:
    dependency: transitive
    description:
      name: async
      sha256: "947bfcf187f74dbc5e146c9eb9c0f10c9f8b30743e341481c1e2ed3ecc18c20c"
      url: "https://pub.dev"
    source: hosted
    version: "2.11.0"
  boolean_selector:
    dependency: transitive
    description:
      name: boolean_selector
      sha256: "6cfb5af12253eaf2b368f07bacc5a80d1301a071c73360d746b7f2e32d762c66"
      url: "https://pub.dev"
    source: hosted
    version: "2.1.1"
  characters:
    dependency: transitive
    description:
      name: characters
      sha256: "04a925763edad70e8443c99234dc3328f442e811f1d8fd1a72f1c8ad0f69a605"
      url: "https://pub.dev"
    source: hosted
    version: "1.3.0"
  clock:
    dependency: transitive
    description:
      name: clock
      sha256: cb6d7f03e1de671e34607e909a7213e31d7752be4fb66a86d29fe1eb14bfb5cf
      url: "https://pub.dev"
    source: hosted
    version: "1.1.1"
  collection:
    dependency: "direct main"
    description:
      name: collection
      sha256: ee67cb0715911d28db6bf4af1026078bd6f0128b07a5f66fb2ed94ec6783c09a
      url: "https://pub.dev"
    source: hosted
    version: "1.18.0"
  crypto:
    dependency: transitive
    description:
      name: crypto
      sha256: ff625774173754681d66daaf4a448684fb04b78f902da9cb3d308c19cc5e8bab
      url: "https://pub.dev"
    source: hosted
    version: "3.0.3"
  csslib:
    dependency: transitive
    description:
      name: csslib
      sha256: "706b5707578e0c1b4b7550f64078f0a0f19dec3f50a178ffae7006b0a9ca58fb"
      url: "https://pub.dev"
    source: hosted
    version: "1.0.0"
  equatable:
    dependency: transitive
    description:
      name: equatable
      sha256: c2b87cb7756efdf69892005af546c56c0b5037f54d2a88269b4f347a505e3ca2
      url: "https://pub.dev"
    source: hosted
    version: "2.0.5"
  fake_async:
    dependency: transitive
    description:
      name: fake_async
      sha256: "511392330127add0b769b75a987850d136345d9227c6b94c96a04cf4a391bf78"
      url: "https://pub.dev"
    source: hosted
    version: "1.3.1"
  fast_extensions:
    dependency: transitive
    description:
      name: fast_extensions
      sha256: "0e7af9f8702b27c29134a03d5be345abb6022f0098c61e5781c7668e80541de0"
      url: "https://pub.dev"
    source: hosted
    version: "0.1.5"
  fast_nav:
    dependency: transitive
    description:
      name: fast_nav
      sha256: "40eeda4c478f0886fda07e797fa6e0d840425da01cd08e61084c9440b23a2f91"
      url: "https://pub.dev"
    source: hosted
    version: "0.4.1"
  fast_overlays:
    dependency: transitive
    description:
      name: fast_overlays
      sha256: "171cdb11d87de14fa7f8b60a080bb1c22d299fa0439d047f21470406f788b7e5"
      url: "https://pub.dev"
    source: hosted
    version: "0.1.5"
  fast_rx:
    dependency: transitive
    description:
      name: fast_rx
      sha256: "35c66dfe7f55d15c834091ee160dd6201e9d7a22a0ed97b6f1e0757e4608f208"
      url: "https://pub.dev"
    source: hosted
    version: "0.6.0"
  fast_rx_flutter:
    dependency: transitive
    description:
      name: fast_rx_flutter
      sha256: "59293ee3124415ec36dd5fc39cd2835e7d956137b62d62094a9d8d38ab8ec2e5"
      url: "https://pub.dev"
    source: hosted
    version: "0.1.3"
  fast_rx_persistence:
    dependency: transitive
    description:
      name: fast_rx_persistence
      sha256: "8c5a19c74f97570f698bca868d24a21c57eda7c81652adb144d4443b7971af91"
      url: "https://pub.dev"
    source: hosted
    version: "0.3.0"
  fast_ui:
    dependency: "direct main"
    description:
      name: fast_ui
      sha256: "8bea8346d2d55f06db5e911ab16f16166b273a5d5d04023d76c6f497dc9cc457"
      url: "https://pub.dev"
    source: hosted
    version: "0.1.2"
  firebase_analytics:
    dependency: "direct main"
    description:
      name: firebase_analytics
      sha256: "08f98034f51c8018d08cd56ac51f44c63ab684f85a7b8f0ede92c4acfb23a2bc"
      url: "https://pub.dev"
    source: hosted
    version: "10.10.6"
  firebase_analytics_platform_interface:
    dependency: transitive
    description:
      name: firebase_analytics_platform_interface
      sha256: "4de04e25bd739184eb2cfcd76c2f336c9e03bf65457e1e17d027d65f2344a2df"
      url: "https://pub.dev"
    source: hosted
    version: "3.10.7"
  firebase_analytics_web:
    dependency: transitive
    description:
      name: firebase_analytics_web
      sha256: "77ded8cb214193cc816395625ab8a031539cdd870d667123d1b9d53c7303a82d"
      url: "https://pub.dev"
    source: hosted
    version: "0.5.7+6"
  firebase_app_check:
    dependency: "direct main"
    description:
      name: firebase_app_check
      sha256: ea050dc4abccb6c46610c9a8cc0e72eabcf5ade8e84f5d580d988e5ad2e3ddbc
      url: "https://pub.dev"
    source: hosted
    version: "0.2.2+6"
  firebase_app_check_platform_interface:
    dependency: transitive
    description:
      name: firebase_app_check_platform_interface
      sha256: b1ea7152bdf7907f2ba78b64aecdd48a3ae08cffef5dab1667414fd274e52f22
      url: "https://pub.dev"
    source: hosted
    version: "0.1.0+28"
  firebase_app_check_web:
    dependency: transitive
    description:
      name: firebase_app_check_web
      sha256: "8bd316e66c2e4a7da00718eb96dc3b04d7b3122681a30ce6e5a1833c9d409a3a"
      url: "https://pub.dev"
    source: hosted
    version: "0.1.2+6"
  firebase_auth:
    dependency: "direct main"
    description:
      name: firebase_auth
      sha256: ea95cd29e27e8ec1971af263d74b208ce85dbc7df9197d8b5eab2aa7de7cfea8
      url: "https://pub.dev"
    source: hosted
    version: "4.19.6"
  firebase_auth_platform_interface:
    dependency: transitive
    description:
      name: firebase_auth_platform_interface
      sha256: c252d2c97a02cf03fbf3595c5f7edf2a731062356b09d2c338f0b3d63567239f
      url: "https://pub.dev"
    source: hosted
    version: "7.2.7"
  firebase_auth_web:
    dependency: transitive
    description:
      name: firebase_auth_web
      sha256: "5db2319d59b4bb08cf0cc26e0f110f9ae1cf9cf775ce516e5cc38cd6704253de"
      url: "https://pub.dev"
    source: hosted
    version: "5.11.6"
  firebase_core:
    dependency: "direct main"
    description:
      name: firebase_core
      sha256: "4b5100e2dbc3fe72c2d4241a046d3f01457fe11293283a324f5c52575e3406f8"
      url: "https://pub.dev"
    source: hosted
    version: "2.31.1"
  firebase_core_platform_interface:
    dependency: transitive
    description:
      name: firebase_core_platform_interface
      sha256: c437ae5d17e6b5cc7981cf6fd458a5db4d12979905f9aafd1fea930428a9fe63
      url: "https://pub.dev"
    source: hosted
    version: "5.0.0"
  firebase_core_web:
    dependency: transitive
    description:
      name: firebase_core_web
      sha256: "43d9e951ac52b87ae9cc38ecdcca1e8fa7b52a1dd26a96085ba41ce5108db8e9"
      url: "https://pub.dev"
    source: hosted
    version: "2.17.0"
  firebase_database:
    dependency: "direct main"
    description:
      name: firebase_database
      sha256: af2ef68603c03f73227268481c87e7062ef4fbac8696e9cad1380047a8cab279
      url: "https://pub.dev"
    source: hosted
    version: "10.5.6"
  firebase_database_platform_interface:
    dependency: transitive
    description:
      name: firebase_database_platform_interface
      sha256: "852b0d0c81133b2ac0d335b4a70cbcdd1e62d007fe0f28f1d9557ce9c386cc47"
      url: "https://pub.dev"
    source: hosted
    version: "0.2.5+34"
  firebase_database_web:
    dependency: transitive
    description:
      name: firebase_database_web
      sha256: e49ac12c2982d18e32f72fae6efffaba1d773942c28c741f1ffeb55027711ff5
      url: "https://pub.dev"
    source: hosted
    version: "0.2.5+6"
  firebase_ui_database:
    dependency: "direct main"
    description:
      name: firebase_ui_database
      sha256: fa6e60e724edb0df566433cc8d25464f604b6d71c7fbf37dd0bb8a93426340fe
      url: "https://pub.dev"
    source: hosted
    version: "1.4.3"
  firebase_ui_localizations:
    dependency: transitive
    description:
      name: firebase_ui_localizations
      sha256: "71a3c586565c43dadc058898a0afd8efc5b3a163485a3570b98a0e4555cabec1"
      url: "https://pub.dev"
    source: hosted
    version: "1.11.0"
  fl_chart:
    dependency: "direct main"
    description:
      name: fl_chart
      sha256: d0f0d49112f2f4b192481c16d05b6418bd7820e021e265a3c22db98acf7ed7fb
      url: "https://pub.dev"
    source: hosted
    version: "0.68.0"
  flutter:
    dependency: "direct main"
    description: flutter
    source: sdk
    version: "0.0.0"
  flutter_lints:
    dependency: transitive
    description:
      name: flutter_lints
      sha256: "9e8c3858111da373efc5aa341de011d9bd23e2c5c5e0c62bccf32438e192d7b1"
      url: "https://pub.dev"
    source: hosted
    version: "3.0.2"
  flutter_localizations:
    dependency: transitive
    description: flutter
    source: sdk
    version: "0.0.0"
  flutter_native_splash:
    dependency: "direct dev"
    description:
      name: flutter_native_splash
      sha256: edf39bcf4d74aca1eb2c1e43c3e445fd9f494013df7f0da752fefe72020eedc0
      url: "https://pub.dev"
    source: hosted
    version: "2.4.0"
  flutter_svg:
    dependency: "direct main"
    description:
      name: flutter_svg
      sha256: "7b4ca6cf3304575fe9c8ec64813c8d02ee41d2afe60bcfe0678bcb5375d596a2"
      url: "https://pub.dev"
    source: hosted
    version: "2.0.10+1"
  flutter_test:
    dependency: "direct dev"
    description: flutter
    source: sdk
    version: "0.0.0"
  flutter_web_plugins:
    dependency: "direct main"
    description: flutter
    source: sdk
    version: "0.0.0"
  font_awesome_flutter:
    dependency: "direct main"
    description:
      name: font_awesome_flutter
      sha256: "275ff26905134bcb59417cf60ad979136f1f8257f2f449914b2c3e05bbb4cd6f"
      url: "https://pub.dev"
    source: hosted
    version: "10.7.0"
  freezed_annotation:
    dependency: transitive
    description:
      name: freezed_annotation
      sha256: c3fd9336eb55a38cc1bbd79ab17573113a8deccd0ecbbf926cca3c62803b5c2d
      url: "https://pub.dev"
    source: hosted
    version: "2.4.1"
  get_it:
    dependency: "direct main"
    description:
      name: get_it
      sha256: d85128a5dae4ea777324730dc65edd9c9f43155c109d5cc0a69cab74139fbac1
      url: "https://pub.dev"
    source: hosted
    version: "7.7.0"
  get_time_ago:
    dependency: "direct main"
    description:
      name: get_time_ago
      sha256: "982d1b82c7b2cbb8f443cee5db9508e6c8efb7f7be5b659f17d3575c340d09d3"
      url: "https://pub.dev"
    source: hosted
    version: "1.3.1"
  html:
    dependency: transitive
    description:
      name: html
      sha256: "3a7812d5bcd2894edf53dfaf8cd640876cf6cef50a8f238745c8b8120ea74d3a"
      url: "https://pub.dev"
    source: hosted
    version: "0.15.4"
  http:
    dependency: transitive
    description:
      name: http
      sha256: "761a297c042deedc1ffbb156d6e2af13886bb305c2a343a4d972504cd67dd938"
      url: "https://pub.dev"
    source: hosted
    version: "1.2.1"
  http_parser:
    dependency: transitive
    description:
      name: http_parser
      sha256: "2aa08ce0341cc9b354a498388e30986515406668dbcc4f7c950c3e715496693b"
      url: "https://pub.dev"
    source: hosted
    version: "4.0.2"
  image:
    dependency: transitive
    description:
      name: image
      sha256: "2237616a36c0d69aef7549ab439b833fb7f9fb9fc861af2cc9ac3eedddd69ca8"
      url: "https://pub.dev"
    source: hosted
    version: "4.2.0"
  intl:
    dependency: "direct main"
    description:
      name: intl
      sha256: d6f56758b7d3014a48af9701c085700aac781a92a87a62b1333b46d8879661cf
      url: "https://pub.dev"
    source: hosted
    version: "0.19.0"
  json_annotation:
    dependency: transitive
    description:
      name: json_annotation
      sha256: "1ce844379ca14835a50d2f019a3099f419082cfdd231cd86a142af94dd5c6bb1"
      url: "https://pub.dev"
    source: hosted
    version: "4.9.0"
  leak_tracker:
    dependency: transitive
    description:
      name: leak_tracker
      sha256: "3f87a60e8c63aecc975dda1ceedbc8f24de75f09e4856ea27daf8958f2f0ce05"
      url: "https://pub.dev"
    source: hosted
    version: "10.0.5"
  leak_tracker_flutter_testing:
    dependency: transitive
    description:
      name: leak_tracker_flutter_testing
      sha256: "932549fb305594d82d7183ecd9fa93463e9914e1b67cacc34bc40906594a1806"
      url: "https://pub.dev"
    source: hosted
    version: "3.0.5"
  leak_tracker_testing:
    dependency: transitive
    description:
      name: leak_tracker_testing
      sha256: "6ba465d5d76e67ddf503e1161d1f4a6bc42306f9d66ca1e8f079a47290fb06d3"
      url: "https://pub.dev"
    source: hosted
    version: "3.0.1"
  lints:
    dependency: transitive
    description:
      name: lints
      sha256: cbf8d4b858bb0134ef3ef87841abdf8d63bfc255c266b7bf6b39daa1085c4290
      url: "https://pub.dev"
    source: hosted
    version: "3.0.0"
  logger:
    dependency: "direct main"
    description:
      name: logger
      sha256: af05cc8714f356fd1f3888fb6741cbe9fbe25cdb6eedbab80e1a6db21047d4a4
      url: "https://pub.dev"
    source: hosted
    version: "2.3.0"
  matcher:
    dependency: transitive
    description:
      name: matcher
      sha256: d2323aa2060500f906aa31a895b4030b6da3ebdcc5619d14ce1aada65cd161cb
      url: "https://pub.dev"
    source: hosted
    version: "0.12.16+1"
  material_color_utilities:
    dependency: transitive
    description:
      name: material_color_utilities
      sha256: f7142bb1154231d7ea5f96bc7bde4bda2a0945d2806bb11670e30b850d56bdec
      url: "https://pub.dev"
    source: hosted
    version: "0.11.1"
  meta:
    dependency: transitive
    description:
      name: meta
      sha256: "25dfcaf170a0190f47ca6355bdd4552cb8924b430512ff0cafb8db9bd41fe33b"
      url: "https://pub.dev"
    source: hosted
    version: "1.14.0"
  oauth2:
    dependency: transitive
    description:
      name: oauth2
      sha256: c4013ef62be37744efdc0861878fd9e9285f34db1f9e331cc34100d7674feb42
      url: "https://pub.dev"
    source: hosted
    version: "2.0.2"
  path:
    dependency: transitive
    description:
      name: path
      sha256: "087ce49c3f0dc39180befefc60fdb4acd8f8620e5682fe2476afd0b3688bb4af"
      url: "https://pub.dev"
    source: hosted
    version: "1.9.0"
  path_parsing:
    dependency: transitive
    description:
      name: path_parsing
      sha256: e3e67b1629e6f7e8100b367d3db6ba6af4b1f0bb80f64db18ef1fbabd2fa9ccf
      url: "https://pub.dev"
    source: hosted
    version: "1.0.1"
  petitparser:
    dependency: transitive
    description:
      name: petitparser
      sha256: c15605cd28af66339f8eb6fbe0e541bfe2d1b72d5825efc6598f3e0a31b9ad27
      url: "https://pub.dev"
    source: hosted
    version: "6.0.2"
  plugin_platform_interface:
    dependency: transitive
    description:
      name: plugin_platform_interface
      sha256: "4820fbfdb9478b1ebae27888254d445073732dae3d6ea81f0b7e06d5dedc3f02"
      url: "https://pub.dev"
    source: hosted
    version: "2.1.8"
  pub_api_client:
    dependency: "direct main"
    description:
      path: "."
      ref: "35c52ebdd9bd37d5893f721c1b9f1cde68458b15"
      resolved-ref: "35c52ebdd9bd37d5893f721c1b9f1cde68458b15"
      url: "https://github.com/Rexios80/pub_api_client"
    source: git
    version: "2.6.0"
  pub_semver:
    dependency: transitive
    description:
      name: pub_semver
      sha256: "40d3ab1bbd474c4c2328c91e3a7df8c6dd629b79ece4c4bd04bee496a224fb0c"
      url: "https://pub.dev"
    source: hosted
    version: "2.1.4"
  pub_stats_core:
    dependency: "direct main"
    description:
      path: "../pub_stats_core"
      relative: true
    source: path
    version: "1.0.0"
  pubspec:
    dependency: transitive
    description:
      name: pubspec
      sha256: f534a50a2b4d48dc3bc0ec147c8bd7c304280fff23b153f3f11803c4d49d927e
      url: "https://pub.dev"
    source: hosted
    version: "2.3.0"
  quiver:
    dependency: transitive
    description:
      name: quiver
      sha256: b1c1ac5ce6688d77f65f3375a9abb9319b3cb32486bdc7a1e0fdf004d7ba4e47
      url: "https://pub.dev"
    source: hosted
    version: "3.2.1"
  recase:
    dependency: "direct main"
    description:
      name: recase
      sha256: e4eb4ec2dcdee52dcf99cb4ceabaffc631d7424ee55e56f280bc039737f89213
      url: "https://pub.dev"
    source: hosted
    version: "4.1.0"
  rexios_lints:
    dependency: "direct dev"
    description:
      name: rexios_lints
      sha256: "0e099c3ab11dca537ceef7668c2f9c50650c0551cf59858db4559ddaedcfbfd9"
      url: "https://pub.dev"
    source: hosted
    version: "6.0.1"
  sky_engine:
    dependency: transitive
    description: flutter
    source: sdk
    version: "0.0.99"
  sliver_tools:
    dependency: "direct main"
    description:
      name: sliver_tools
      sha256: eae28220badfb9d0559207badcbbc9ad5331aac829a88cb0964d330d2a4636a6
      url: "https://pub.dev"
    source: hosted
    version: "0.2.12"
  source_span:
    dependency: transitive
    description:
      name: source_span
      sha256: "53e943d4206a5e30df338fd4c6e7a077e02254531b138a15aec3bd143c1a8b3c"
      url: "https://pub.dev"
    source: hosted
    version: "1.10.0"
  stack_trace:
    dependency: transitive
    description:
      name: stack_trace
      sha256: "73713990125a6d93122541237550ee3352a2d84baad52d375a4cad2eb9b7ce0b"
      url: "https://pub.dev"
    source: hosted
    version: "1.11.1"
  stream_channel:
    dependency: transitive
    description:
      name: stream_channel
      sha256: ba2aa5d8cc609d96bbb2899c28934f9e1af5cddbd60a827822ea467161eb54e7
      url: "https://pub.dev"
    source: hosted
    version: "2.1.2"
  string_scanner:
    dependency: transitive
    description:
      name: string_scanner
      sha256: "556692adab6cfa87322a115640c11f13cb77b3f076ddcc5d6ae3c20242bedcde"
      url: "https://pub.dev"
    source: hosted
    version: "1.2.0"
  term_glyph:
    dependency: transitive
    description:
      name: term_glyph
      sha256: a29248a84fbb7c79282b40b8c72a1209db169a2e0542bce341da992fe1bc7e84
      url: "https://pub.dev"
    source: hosted
    version: "1.2.1"
  test_api:
    dependency: transitive
    description:
      name: test_api
      sha256: "2419f20b0c8677b2d67c8ac4d1ac7372d862dc6c460cdbb052b40155408cd794"
      url: "https://pub.dev"
    source: hosted
    version: "0.7.1"
  typed_data:
    dependency: transitive
    description:
      name: typed_data
      sha256: facc8d6582f16042dd49f2463ff1bd6e2c9ef9f3d5da3d9b087e244a7b564b3c
      url: "https://pub.dev"
    source: hosted
    version: "1.3.2"
  universal_io:
    dependency: transitive
    description:
      name: universal_io
      sha256: "1722b2dcc462b4b2f3ee7d188dad008b6eb4c40bbd03a3de451d82c78bba9aad"
      url: "https://pub.dev"
    source: hosted
    version: "2.2.2"
  uri:
    dependency: transitive
    description:
      name: uri
      sha256: "889eea21e953187c6099802b7b4cf5219ba8f3518f604a1033064d45b1b8268a"
      url: "https://pub.dev"
    source: hosted
    version: "1.0.0"
  url_launcher:
    dependency: "direct main"
    description:
      name: url_launcher
      sha256: "6ce1e04375be4eed30548f10a315826fd933c1e493206eab82eed01f438c8d2e"
      url: "https://pub.dev"
    source: hosted
    version: "6.2.6"
  url_launcher_android:
    dependency: transitive
    description:
      name: url_launcher_android
      sha256: "17cd5e205ea615e2c6ea7a77323a11712dffa0720a8a90540db57a01347f9ad9"
      url: "https://pub.dev"
    source: hosted
    version: "6.3.2"
  url_launcher_ios:
    dependency: transitive
    description:
      name: url_launcher_ios
      sha256: "7068716403343f6ba4969b4173cbf3b84fc768042124bc2c011e5d782b24fe89"
      url: "https://pub.dev"
    source: hosted
    version: "6.3.0"
  url_launcher_linux:
    dependency: transitive
    description:
      name: url_launcher_linux
      sha256: ab360eb661f8879369acac07b6bb3ff09d9471155357da8443fd5d3cf7363811
      url: "https://pub.dev"
    source: hosted
    version: "3.1.1"
  url_launcher_macos:
    dependency: transitive
    description:
      name: url_launcher_macos
      sha256: "9a1a42d5d2d95400c795b2914c36fdcb525870c752569438e4ebb09a2b5d90de"
      url: "https://pub.dev"
    source: hosted
    version: "3.2.0"
  url_launcher_platform_interface:
    dependency: transitive
    description:
      name: url_launcher_platform_interface
      sha256: "552f8a1e663569be95a8190206a38187b531910283c3e982193e4f2733f01029"
      url: "https://pub.dev"
    source: hosted
    version: "2.3.2"
  url_launcher_web:
    dependency: transitive
    description:
      name: url_launcher_web
      sha256: "8d9e750d8c9338601e709cd0885f95825086bd8b642547f26bda435aade95d8a"
      url: "https://pub.dev"
    source: hosted
    version: "2.3.1"
  url_launcher_windows:
    dependency: transitive
    description:
      name: url_launcher_windows
      sha256: ecf9725510600aa2bb6d7ddabe16357691b6d2805f66216a97d1b881e21beff7
      url: "https://pub.dev"
    source: hosted
    version: "3.1.1"
  vector_graphics:
    dependency: transitive
    description:
      name: vector_graphics
      sha256: "32c3c684e02f9bc0afb0ae0aa653337a2fe022e8ab064bcd7ffda27a74e288e3"
      url: "https://pub.dev"
    source: hosted
    version: "1.1.11+1"
  vector_graphics_codec:
    dependency: transitive
    description:
      name: vector_graphics_codec
      sha256: c86987475f162fadff579e7320c7ddda04cd2fdeffbe1129227a85d9ac9e03da
      url: "https://pub.dev"
    source: hosted
    version: "1.1.11+1"
  vector_graphics_compiler:
    dependency: transitive
    description:
      name: vector_graphics_compiler
      sha256: "12faff3f73b1741a36ca7e31b292ddeb629af819ca9efe9953b70bd63fc8cd81"
      url: "https://pub.dev"
    source: hosted
    version: "1.1.11+1"
  vector_math:
    dependency: transitive
    description:
      name: vector_math
      sha256: "80b3257d1492ce4d091729e3a67a60407d227c27241d6927be0130c98e741803"
      url: "https://pub.dev"
    source: hosted
    version: "2.1.4"
  vm_service:
    dependency: transitive
    description:
      name: vm_service
      sha256: "7475cb4dd713d57b6f7464c0e13f06da0d535d8b2067e188962a59bac2cf280b"
      url: "https://pub.dev"
    source: hosted
    version: "14.2.2"
  web:
    dependency: "direct main"
    description:
      name: web
      sha256: "97da13628db363c635202ad97068d47c5b8aa555808e7a9411963c533b449b27"
      url: "https://pub.dev"
    source: hosted
    version: "0.5.1"
  xml:
    dependency: transitive
    description:
      name: xml
      sha256: b015a8ad1c488f66851d762d3090a21c600e479dc75e68328c52774040cf9226
      url: "https://pub.dev"
    source: hosted
    version: "6.5.0"
  yaml:
    dependency: transitive
    description:
      name: yaml
      sha256: "75769501ea3489fca56601ff33454fe45507ea3bfb014161abc3b43ae25989d5"
      url: "https://pub.dev"
    source: hosted
    version: "3.1.2"
sdks:
  dart: ">=3.3.0 <4.0.0"
  flutter: ">=3.19.0"
